
Microsoft Visual Studio Solution File, Format Version 12.00
# Visual Studio Version 16
VisualStudioVersion = 16.0.30011.22
MinimumVisualStudioVersion = 10.0.40219.1
Project("{FAE04EC0-301F-11D3-BF4B-00C04F79EFBC}") = "5th lab", "5th lab\5th lab.csproj", "{21E72B07-B751-4A22-901D-10C56642FF07}"
EndProject
Global
	GlobalSection(SolutionConfigurationPlatforms) = preSolution
		Debug|Any CPU = Debug|Any CPU
		Release|Any CPU = Release|Any CPU
	EndGlobalSection
	GlobalSection(ProjectConfigurationPlatforms) = postSolution
		{21E72B07-B751-4A22-901D-10C56642FF07}.Debug|Any CPU.ActiveCfg = Debug|Any CPU
		{21E72B07-B751-4A22-901D-10C56642FF07}.Debug|Any CPU.Build.0 = Debug|Any CPU
		{21E72B07-B751-4A22-901D-10C56642FF07}.Release|Any CPU.ActiveCfg = Release|Any CPU
		{21E72B07-B751-4A22-901D-10C56642FF07}.Release|Any CPU.Build.0 = Release|Any CPU
	EndGlobalSection
	GlobalSection(SolutionProperties) = preSolution
		HideSolutionNode = FALSE
	EndGlobalSection
	GlobalSection(ExtensibilityGlobals) = postSolution
		SolutionGuid = {42DDFD2D-7A6B-439A-8879-B68152395926}
	EndGlobalSection
EndGlobal
