
Microsoft Visual Studio Solution File, Format Version 12.00
# Visual Studio Version 16
VisualStudioVersion = 16.0.30011.22
MinimumVisualStudioVersion = 10.0.40219.1
Project("{FAE04EC0-301F-11D3-BF4B-00C04F79EFBC}") = "Collections_Generics", "Collections_Generics\Collections_Generics.csproj", "{2B57C230-FC9F-4308-B9D8-5DFEA0641D34}"
EndProject
Global
	GlobalSection(SolutionConfigurationPlatforms) = preSolution
		Debug|Any CPU = Debug|Any CPU
		Release|Any CPU = Release|Any CPU
	EndGlobalSection
	GlobalSection(ProjectConfigurationPlatforms) = postSolution
		{2B57C230-FC9F-4308-B9D8-5DFEA0641D34}.Debug|Any CPU.ActiveCfg = Debug|Any CPU
		{2B57C230-FC9F-4308-B9D8-5DFEA0641D34}.Debug|Any CPU.Build.0 = Debug|Any CPU
		{2B57C230-FC9F-4308-B9D8-5DFEA0641D34}.Release|Any CPU.ActiveCfg = Release|Any CPU
		{2B57C230-FC9F-4308-B9D8-5DFEA0641D34}.Release|Any CPU.Build.0 = Release|Any CPU
	EndGlobalSection
	GlobalSection(SolutionProperties) = preSolution
		HideSolutionNode = FALSE
	EndGlobalSection
	GlobalSection(ExtensibilityGlobals) = postSolution
		SolutionGuid = {979C8231-29F1-4AB1-9307-C474526465A5}
	EndGlobalSection
EndGlobal
